
Microsoft Visual Studio Solution File, Format Version 12.00
# Visual Studio Version 17
VisualStudioVersion = 17.7.34031.279
MinimumVisualStudioVersion = 10.0.40219.1
Project("{FAE04EC0-301F-11D3-BF4B-00C04F79EFBC}") = "EsercitazionePadel", "EsercitazionePadel.csproj", "{606FAC9A-05BC-406B-A047-D8F3C1FEC08E}"
EndProject
Project("{FAE04EC0-301F-11D3-BF4B-00C04F79EFBC}") = "BatchNotturno", "..\BatchNotturno\BatchNotturno.csproj", "{61853B29-F444-469D-9236-B1683A9A3935}"
EndProject
Project("{FAE04EC0-301F-11D3-BF4B-00C04F79EFBC}") = "Padel.Core", "..\Padel.Core\Padel.Core.csproj", "{F4B91E89-DF00-4C8B-B58E-D316A7C35FA1}"
EndProject
Global
	GlobalSection(SolutionConfigurationPlatforms) = preSolution
		Debug|Any CPU = Debug|Any CPU
		Release|Any CPU = Release|Any CPU
	EndGlobalSection
	GlobalSection(ProjectConfigurationPlatforms) = postSolution
		{606FAC9A-05BC-406B-A047-D8F3C1FEC08E}.Debug|Any CPU.ActiveCfg = Debug|Any CPU
		{606FAC9A-05BC-406B-A047-D8F3C1FEC08E}.Debug|Any CPU.Build.0 = Debug|Any CPU
		{606FAC9A-05BC-406B-A047-D8F3C1FEC08E}.Release|Any CPU.ActiveCfg = Release|Any CPU
		{606FAC9A-05BC-406B-A047-D8F3C1FEC08E}.Release|Any CPU.Build.0 = Release|Any CPU
		{61853B29-F444-469D-9236-B1683A9A3935}.Debug|Any CPU.ActiveCfg = Debug|Any CPU
		{61853B29-F444-469D-9236-B1683A9A3935}.Debug|Any CPU.Build.0 = Debug|Any CPU
		{61853B29-F444-469D-9236-B1683A9A3935}.Release|Any CPU.ActiveCfg = Release|Any CPU
		{61853B29-F444-469D-9236-B1683A9A3935}.Release|Any CPU.Build.0 = Release|Any CPU
		{F4B91E89-DF00-4C8B-B58E-D316A7C35FA1}.Debug|Any CPU.ActiveCfg = Debug|Any CPU
		{F4B91E89-DF00-4C8B-B58E-D316A7C35FA1}.Debug|Any CPU.Build.0 = Debug|Any CPU
		{F4B91E89-DF00-4C8B-B58E-D316A7C35FA1}.Release|Any CPU.ActiveCfg = Release|Any CPU
		{F4B91E89-DF00-4C8B-B58E-D316A7C35FA1}.Release|Any CPU.Build.0 = Release|Any CPU
	EndGlobalSection
	GlobalSection(SolutionProperties) = preSolution
		HideSolutionNode = FALSE
	EndGlobalSection
	GlobalSection(ExtensibilityGlobals) = postSolution
		SolutionGuid = {56EF0604-E4C0-4737-B80A-A42F35E03905}
	EndGlobalSection
EndGlobal
